{
  "version": 4,
  "terraform_version": "1.14.6",
  "serial": 6,
  "lineage": "78ec39a1-94ec-f943-3848-7b1b4128a379",
  "outputs": {
    "db_address": {
      "value": "almacen-postgres.clqy2wqwiwvz.eu-west-1.rds.amazonaws.com",
      "type": "string"
    },
    "db_endpoint": {
      "value": "almacen-postgres.clqy2wqwiwvz.eu-west-1.rds.amazonaws.com:5432",
      "type": "string"
    },
    "db_name": {
      "value": "almacen_db",
      "type": "string"
    },
    "db_port": {
      "value": 5432,
      "type": "number"
    },
    "env_file_content": {
      "value": "DB_HOST=almacen-postgres.clqy2wqwiwvz.eu-west-1.rds.amazonaws.com\nDB_NAME=almacen_db\nDB_USER=almacen_user\nDB_PASS=\u003ctu_password\u003e\n",
      "type": "string"
    },
    "init_sql_command": {
      "value": "psql -h almacen-postgres.clqy2wqwiwvz.eu-west-1.rds.amazonaws.com -U almacen_user -d almacen_db -f ../db/init.sql",
      "type": "string"
    }
  },
  "resources": [
    {
      "mode": "data",
      "type": "aws_subnets",
      "name": "default",
      "provider": "provider[\"registry.terraform.io/hashicorp/aws\"]",
      "instances": [
        {
          "schema_version": 0,
          "attributes": {
            "filter": [
              {
                "name": "vpc-id",
                "values": [
                  "vpc-0fd4f6a828a9e2af0"
                ]
              }
            ],
            "id": "eu-west-1",
            "ids": [
              "subnet-08cfacce0a638c422",
              "subnet-0b7ab81582f99ae5f",
              "subnet-043c902a12fa30b4a"
            ],
            "tags": null,
            "timeouts": null
          },
          "sensitive_attributes": [],
          "identity_schema_version": 0
        }
      ]
    },
    {
      "mode": "data",
      "type": "aws_vpc",
      "name": "default",
      "provider": "provider[\"registry.terraform.io/hashicorp/aws\"]",
      "instances": [
        {
          "schema_version": 0,
          "attributes": {
            "arn": "arn:aws:ec2:eu-west-1:730763716471:vpc/vpc-0fd4f6a828a9e2af0",
            "cidr_block": "172.31.0.0/16",
            "cidr_block_associations": [
              {
                "association_id": "vpc-cidr-assoc-038eac5f40b4f28af",
                "cidr_block": "172.31.0.0/16",
                "state": "associated"
              }
            ],
            "default": true,
            "dhcp_options_id": "dopt-00f91db4ac7cde119",
            "enable_dns_hostnames": true,
            "enable_dns_support": true,
            "enable_network_address_usage_metrics": false,
            "filter": null,
            "id": "vpc-0fd4f6a828a9e2af0",
            "instance_tenancy": "default",
            "ipv6_association_id": "",
            "ipv6_cidr_block": "",
            "main_route_table_id": "rtb-008b1c4a71730c409",
            "owner_id": "730763716471",
            "state": null,
            "tags": {},
            "timeouts": null
          },
          "sensitive_attributes": [],
          "identity_schema_version": 0
        }
      ]
    },
    {
      "mode": "managed",
      "type": "aws_db_instance",
      "name": "postgres",
      "provider": "provider[\"registry.terraform.io/hashicorp/aws\"]",
      "instances": [
        {
          "schema_version": 2,
          "attributes": {
            "address": "almacen-postgres.clqy2wqwiwvz.eu-west-1.rds.amazonaws.com",
            "allocated_storage": 20,
            "allow_major_version_upgrade": null,
            "apply_immediately": false,
            "arn": "arn:aws:rds:eu-west-1:730763716471:db:almacen-postgres",
            "auto_minor_version_upgrade": true,
            "availability_zone": "eu-west-1a",
            "backup_retention_period": 0,
            "backup_target": "region",
            "backup_window": "22:49-23:19",
            "blue_green_update": [],
            "ca_cert_identifier": "rds-ca-rsa2048-g1",
            "character_set_name": "",
            "copy_tags_to_snapshot": false,
            "custom_iam_instance_profile": "",
            "customer_owned_ip_enabled": false,
            "database_insights_mode": "standard",
            "db_name": "almacen_db",
            "db_subnet_group_name": "almacen-aurora-subnet-group",
            "dedicated_log_volume": false,
            "delete_automated_backups": true,
            "deletion_protection": false,
            "domain": "",
            "domain_auth_secret_arn": "",
            "domain_dns_ips": null,
            "domain_fqdn": "",
            "domain_iam_role_name": "",
            "domain_ou": "",
            "enabled_cloudwatch_logs_exports": null,
            "endpoint": "almacen-postgres.clqy2wqwiwvz.eu-west-1.rds.amazonaws.com:5432",
            "engine": "postgres",
            "engine_lifecycle_support": "open-source-rds-extended-support",
            "engine_version": "15",
            "engine_version_actual": "15.17",
            "final_snapshot_identifier": null,
            "hosted_zone_id": "Z29XKXDKYMONMX",
            "iam_database_authentication_enabled": false,
            "id": "db-HBJ6QDOLRRYP5ZSBOQOY4FIRVU",
            "identifier": "almacen-postgres",
            "identifier_prefix": "",
            "instance_class": "db.t3.micro",
            "iops": 0,
            "kms_key_id": "",
            "latest_restorable_time": "",
            "license_model": "postgresql-license",
            "listener_endpoint": [],
            "maintenance_window": "mon:04:38-mon:05:08",
            "manage_master_user_password": null,
            "master_user_secret": [],
            "master_user_secret_kms_key_id": null,
            "max_allocated_storage": 0,
            "monitoring_interval": 0,
            "monitoring_role_arn": "",
            "multi_az": false,
            "nchar_character_set_name": "",
            "network_type": "IPV4",
            "option_group_name": "default:postgres-15",
            "parameter_group_name": "default.postgres15",
            "password": "TuPasswordSegura123!",
            "password_wo": null,
            "password_wo_version": null,
            "performance_insights_enabled": false,
            "performance_insights_kms_key_id": "",
            "performance_insights_retention_period": 0,
            "port": 5432,
            "publicly_accessible": true,
            "replica_mode": "",
            "replicas": [],
            "replicate_source_db": "",
            "resource_id": "db-HBJ6QDOLRRYP5ZSBOQOY4FIRVU",
            "restore_to_point_in_time": [],
            "s3_import": [],
            "skip_final_snapshot": true,
            "snapshot_identifier": null,
            "status": "available",
            "storage_encrypted": false,
            "storage_throughput": 0,
            "storage_type": "gp2",
            "tags": {
              "Name": "almacen-postgres",
              "Project": "monitor-expediciones"
            },
            "tags_all": {
              "Name": "almacen-postgres",
              "Project": "monitor-expediciones"
            },
            "timeouts": null,
            "timezone": "",
            "upgrade_storage_config": null,
            "username": "almacen_user",
            "vpc_security_group_ids": [
              "sg-06a4ff9c5700570ff"
            ]
          },
          "sensitive_attributes": [
            [
              {
                "type": "get_attr",
                "value": "password"
              }
            ],
            [
              {
                "type": "get_attr",
                "value": "password_wo"
              }
            ]
          ],
          "identity_schema_version": 0,
          "private": "eyJlMmJmYjczMC1lY2FhLTExZTYtOGY4OC0zNDM2M2JjN2M0YzAiOnsiY3JlYXRlIjozMDAwMDAwMDAwMDAwLCJkZWxldGUiOjM2MDAwMDAwMDAwMDAsInVwZGF0ZSI6NDgwMDAwMDAwMDAwMH0sInNjaGVtYV92ZXJzaW9uIjoiMiJ9",
          "dependencies": [
            "aws_db_subnet_group.aurora",
            "aws_security_group.aurora",
            "data.aws_subnets.default",
            "data.aws_vpc.default"
          ]
        }
      ]
    },
    {
      "mode": "managed",
      "type": "aws_db_subnet_group",
      "name": "aurora",
      "provider": "provider[\"registry.terraform.io/hashicorp/aws\"]",
      "instances": [
        {
          "schema_version": 0,
          "attributes": {
            "arn": "arn:aws:rds:eu-west-1:730763716471:subgrp:almacen-aurora-subnet-group",
            "description": "Managed by Terraform",
            "id": "almacen-aurora-subnet-group",
            "name": "almacen-aurora-subnet-group",
            "name_prefix": "",
            "subnet_ids": [
              "subnet-043c902a12fa30b4a",
              "subnet-08cfacce0a638c422",
              "subnet-0b7ab81582f99ae5f"
            ],
            "supported_network_types": [
              "IPV4"
            ],
            "tags": {
              "Name": "almacen-aurora-subnet-group",
              "Project": "monitor-expediciones"
            },
            "tags_all": {
              "Name": "almacen-aurora-subnet-group",
              "Project": "monitor-expediciones"
            },
            "vpc_id": "vpc-0fd4f6a828a9e2af0"
          },
          "sensitive_attributes": [],
          "identity_schema_version": 0,
          "private": "bnVsbA==",
          "dependencies": [
            "data.aws_subnets.default",
            "data.aws_vpc.default"
          ]
        }
      ]
    },
    {
      "mode": "managed",
      "type": "aws_security_group",
      "name": "aurora",
      "provider": "provider[\"registry.terraform.io/hashicorp/aws\"]",
      "instances": [
        {
          "schema_version": 1,
          "attributes": {
            "arn": "arn:aws:ec2:eu-west-1:730763716471:security-group/sg-06a4ff9c5700570ff",
            "description": "Permite acceso PostgreSQL desde la IP local",
            "egress": [
              {
                "cidr_blocks": [
                  "0.0.0.0/0"
                ],
                "description": "",
                "from_port": 0,
                "ipv6_cidr_blocks": [],
                "prefix_list_ids": [],
                "protocol": "-1",
                "security_groups": [],
                "self": false,
                "to_port": 0
              }
            ],
            "id": "sg-06a4ff9c5700570ff",
            "ingress": [
              {
                "cidr_blocks": [
                  "217.130.116.130/32"
                ],
                "description": "PostgreSQL desde IP local",
                "from_port": 5432,
                "ipv6_cidr_blocks": [],
                "prefix_list_ids": [],
                "protocol": "tcp",
                "security_groups": [],
                "self": false,
                "to_port": 5432
              }
            ],
            "name": "almacen-aurora-sg",
            "name_prefix": "",
            "owner_id": "730763716471",
            "revoke_rules_on_delete": false,
            "tags": {
              "Name": "almacen-aurora-sg",
              "Project": "monitor-expediciones"
            },
            "tags_all": {
              "Name": "almacen-aurora-sg",
              "Project": "monitor-expediciones"
            },
            "timeouts": null,
            "vpc_id": "vpc-0fd4f6a828a9e2af0"
          },
          "sensitive_attributes": [],
          "identity_schema_version": 0,
          "private": "eyJlMmJmYjczMC1lY2FhLTExZTYtOGY4OC0zNDM2M2JjN2M0YzAiOnsiY3JlYXRlIjo2MDAwMDAwMDAwMDAsImRlbGV0ZSI6OTAwMDAwMDAwMDAwfSwic2NoZW1hX3ZlcnNpb24iOiIxIn0=",
          "dependencies": [
            "data.aws_vpc.default"
          ]
        }
      ]
    }
  ],
  "check_results": null
}
