{
  "version": 4,
  "terraform_version": "1.14.3",
  "serial": 5,
  "lineage": "86478980-0091-7c97-43b1-e5b5de63945b",
  "outputs": {},
  "resources": [
    {
      "mode": "managed",
      "type": "google_sql_database",
      "name": "database",
      "provider": "provider[\"registry.terraform.io/hashicorp/google\"]",
      "instances": [
        {
          "schema_version": 0,
          "attributes": {
            "charset": "UTF8",
            "collation": "en_US.UTF8",
            "deletion_policy": "DELETE",
            "id": "projects/gcp-almacenamiento/instances/mi-instancia-sql-87d3ca8f/databases/mi-base-de-datos",
            "instance": "mi-instancia-sql-87d3ca8f",
            "name": "mi-base-de-datos",
            "project": "gcp-almacenamiento",
            "self_link": "https://sqladmin.googleapis.com/sql/v1beta4/projects/gcp-almacenamiento/instances/mi-instancia-sql-87d3ca8f/databases/mi-base-de-datos",
            "timeouts": null
          },
          "sensitive_attributes": [],
          "identity_schema_version": 0,
          "private": "eyJlMmJmYjczMC1lY2FhLTExZTYtOGY4OC0zNDM2M2JjN2M0YzAiOnsiY3JlYXRlIjoxMjAwMDAwMDAwMDAwLCJkZWxldGUiOjEyMDAwMDAwMDAwMDAsInVwZGF0ZSI6MTIwMDAwMDAwMDAwMH19",
          "dependencies": [
            "google_sql_database_instance.instance",
            "random_id.db_name_suffix"
          ]
        }
      ]
    },
    {
      "mode": "managed",
      "type": "google_sql_database_instance",
      "name": "instance",
      "provider": "provider[\"registry.terraform.io/hashicorp/google\"]",
      "instances": [
        {
          "schema_version": 0,
          "attributes": {
            "available_maintenance_versions": [],
            "backupdr_backup": null,
            "clone": [],
            "connection_name": "gcp-almacenamiento:europe-west1:mi-instancia-sql-87d3ca8f",
            "database_version": "POSTGRES_15",
            "deletion_protection": false,
            "dns_name": "",
            "dns_names": [],
            "encryption_key_name": null,
            "final_backup_description": null,
            "first_ip_address": "34.14.31.92",
            "id": "mi-instancia-sql-87d3ca8f",
            "instance_type": "CLOUD_SQL_INSTANCE",
            "ip_address": [
              {
                "ip_address": "34.14.31.92",
                "time_to_retire": "",
                "type": "PRIMARY"
              },
              {
                "ip_address": "34.77.213.95",
                "time_to_retire": "",
                "type": "OUTGOING"
              }
            ],
            "maintenance_version": "POSTGRES_15_15.R20260108.01_01",
            "master_instance_name": "",
            "name": "mi-instancia-sql-87d3ca8f",
            "node_count": 0,
            "point_in_time_restore_context": [],
            "private_ip_address": "",
            "project": "gcp-almacenamiento",
            "psc_service_attachment_link": "",
            "public_ip_address": "34.14.31.92",
            "region": "europe-west1",
            "replica_configuration": [],
            "replica_names": [],
            "replication_cluster": [
              {
                "dr_replica": false,
                "failover_dr_replica_name": "",
                "psa_write_endpoint": ""
              }
            ],
            "restore_backup_context": [],
            "root_password": null,
            "root_password_wo": null,
            "root_password_wo_version": null,
            "self_link": "https://sqladmin.googleapis.com/sql/v1beta4/projects/gcp-almacenamiento/instances/mi-instancia-sql-87d3ca8f",
            "server_ca_cert": [
              {
                "cert": "-----BEGIN CERTIFICATE-----\nMIIDfzCCAmegAwIBAgIBADANBgkqhkiG9w0BAQsFADB3MS0wKwYDVQQuEyRlZDAx\nMzI1NS1iMDkwLTQzZWMtYjBkMS02OGQ1ZmQ2NjEzZGQxIzAhBgNVBAMTGkdvb2ds\nZSBDbG91ZCBTUUwgU2VydmVyIENBMRQwEgYDVQQKEwtHb29nbGUsIEluYzELMAkG\nA1UEBhMCVVMwHhcNMjYwMjEwMTU0NjM5WhcNMzYwMjA4MTU0NzM5WjB3MS0wKwYD\nVQQuEyRlZDAxMzI1NS1iMDkwLTQzZWMtYjBkMS02OGQ1ZmQ2NjEzZGQxIzAhBgNV\nBAMTGkdvb2dsZSBDbG91ZCBTUUwgU2VydmVyIENBMRQwEgYDVQQKEwtHb29nbGUs\nIEluYzELMAkGA1UEBhMCVVMwggEiMA0GCSqGSIb3DQEBAQUAA4IBDwAwggEKAoIB\nAQCn7D0ih+Pq20SEXvrXzUvpsBHxNaPreOxIKsGNFPXnbXDWdNS5BTVU3RiV11a3\nQICMB6dP6uL0zJWf/tcgeT4LPI/KnK1PG7NprgPUkgHljZeT8e9XmvajFvUHT4D7\nzUEZI12hnqIzbm9nGOVwdVMAJ+k3zVeRUS+QTeeC4s4aiMejHpS9QSTDlWcYBGEN\nnctKb6LRmzZWvEbeNP4vE6OdrwJQYgLq3uginKvEsv1fXdJnSFovQfRN6XeOQRth\n43aVHg2H4qrMe8kG4/X4/OGu4eiGWGWKex5KUzaj/uFmsl9YOCe+cV/4/BIQPrSO\nk7SXFjDho+6uNmgHITDIbsFtAgMBAAGjFjAUMBIGA1UdEwEB/wQIMAYBAf8CAQAw\nDQYJKoZIhvcNAQELBQADggEBADQcuyUQ/FD6W1OO/woBXDPhcp1HZN1OYHU57UDQ\ne/wIOCQrwBE+RHLpbPKnz5fULdcUgFtQrWG9MJKTf+qNquKwfJnLxFVXkmkWXv/U\n94raXzsZP0PonlONsygW85nPXqsJG5RJxhaktuyYraOoBFtN2ZxT7Ts9ZSASy+ZF\n4A7XkutIlCMIfrVpTmGhBPHxBZCNf+GRHIdVBubLkK4E8sWNk5SzwWW6dFNLJPcl\nOjbn69bl2HaachDStsXB6ixuu5B5y9518zEnT/Q4Um61hlV5tWH5UkALyGTt7GRL\nlU0yxbUUt59RsHYB3YY/uALU+587+y++39EuMx3rgHSawc4=\n-----END CERTIFICATE-----",
                "common_name": "C=US,O=Google\\, Inc,CN=Google Cloud SQL Server CA,dnQualifier=ed013255-b090-43ec-b0d1-68d5fd6613dd",
                "create_time": "2026-02-10T15:46:39.495Z",
                "expiration_time": "2036-02-08T15:47:39.495Z",
                "sha1_fingerprint": "3d2ab49da46d1d1ea68ceaefef0bc7c08d00829b"
              }
            ],
            "service_account_email_address": "p526209179050-s0r0sc@gcp-sa-cloud-sql.iam.gserviceaccount.com",
            "settings": [
              {
                "activation_policy": "ALWAYS",
                "active_directory_config": [],
                "advanced_machine_features": [],
                "availability_type": "ZONAL",
                "backup_configuration": [
                  {
                    "backup_retention_settings": [
                      {
                        "retained_backups": 7,
                        "retention_unit": "COUNT"
                      }
                    ],
                    "backup_tier": "STANDARD",
                    "binary_log_enabled": false,
                    "enabled": false,
                    "location": "",
                    "point_in_time_recovery_enabled": false,
                    "start_time": "18:00",
                    "transaction_log_retention_days": 7
                  }
                ],
                "collation": "",
                "connection_pool_config": [],
                "connector_enforcement": "NOT_REQUIRED",
                "data_cache_config": [
                  {
                    "data_cache_enabled": false
                  }
                ],
                "database_flags": [],
                "deletion_protection_enabled": false,
                "deny_maintenance_period": [],
                "disk_autoresize": true,
                "disk_autoresize_limit": 0,
                "disk_size": 10,
                "disk_type": "PD_SSD",
                "edition": "ENTERPRISE",
                "effective_availability_type": "ZONAL",
                "enable_dataplex_integration": false,
                "enable_google_ml_integration": false,
                "final_backup_config": [],
                "insights_config": [],
                "ip_configuration": [
                  {
                    "allocated_ip_range": "",
                    "authorized_networks": [
                      {
                        "expiration_time": "",
                        "name": "Mi IP Publica",
                        "value": "217.130.116.130/32"
                      }
                    ],
                    "custom_subject_alternative_names": null,
                    "enable_private_path_for_google_cloud_services": false,
                    "ipv4_enabled": true,
                    "private_network": "",
                    "psc_config": [],
                    "server_ca_mode": "GOOGLE_MANAGED_INTERNAL_CA",
                    "server_ca_pool": "",
                    "ssl_mode": "ALLOW_UNENCRYPTED_AND_ENCRYPTED"
                  }
                ],
                "location_preference": [
                  {
                    "follow_gae_application": "",
                    "secondary_zone": "",
                    "zone": "europe-west1-d"
                  }
                ],
                "maintenance_window": [],
                "password_validation_policy": [],
                "pricing_plan": "PER_USE",
                "read_pool_auto_scale_config": [
                  {
                    "disable_scale_in": false,
                    "enabled": false,
                    "max_node_count": 0,
                    "min_node_count": 0,
                    "scale_in_cooldown_seconds": 0,
                    "scale_out_cooldown_seconds": 0,
                    "target_metrics": []
                  }
                ],
                "retain_backups_on_delete": false,
                "sql_server_audit_config": [],
                "tier": "db-f1-micro",
                "time_zone": "",
                "user_labels": {},
                "version": 1
              }
            ],
            "timeouts": null
          },
          "sensitive_attributes": [
            [
              {
                "type": "get_attr",
                "value": "root_password"
              }
            ],
            [
              {
                "type": "get_attr",
                "value": "server_ca_cert"
              }
            ]
          ],
          "identity_schema_version": 0,
          "private": "eyJlMmJmYjczMC1lY2FhLTExZTYtOGY4OC0zNDM2M2JjN2M0YzAiOnsiY3JlYXRlIjo1NDAwMDAwMDAwMDAwLCJkZWxldGUiOjU0MDAwMDAwMDAwMDAsInVwZGF0ZSI6NTQwMDAwMDAwMDAwMH19",
          "dependencies": [
            "random_id.db_name_suffix"
          ]
        }
      ]
    },
    {
      "mode": "managed",
      "type": "google_sql_user",
      "name": "users",
      "provider": "provider[\"registry.terraform.io/hashicorp/google\"]",
      "instances": [
        {
          "schema_version": 1,
          "attributes": {
            "database_roles": null,
            "deletion_policy": null,
            "host": "",
            "iam_email": "",
            "id": "admin-user//mi-instancia-sql-87d3ca8f",
            "instance": "mi-instancia-sql-87d3ca8f",
            "name": "admin-user",
            "password": "password-super-secreto-123",
            "password_policy": [],
            "password_wo": null,
            "password_wo_version": null,
            "project": "gcp-almacenamiento",
            "sql_server_user_details": [],
            "timeouts": null,
            "type": ""
          },
          "sensitive_attributes": [
            [
              {
                "type": "get_attr",
                "value": "password"
              }
            ]
          ],
          "identity_schema_version": 0,
          "private": "eyJlMmJmYjczMC1lY2FhLTExZTYtOGY4OC0zNDM2M2JjN2M0YzAiOnsiY3JlYXRlIjo2MDAwMDAwMDAwMDAsImRlbGV0ZSI6NjAwMDAwMDAwMDAwLCJ1cGRhdGUiOjYwMDAwMDAwMDAwMH0sInNjaGVtYV92ZXJzaW9uIjoiMSJ9",
          "dependencies": [
            "google_sql_database_instance.instance",
            "random_id.db_name_suffix"
          ]
        }
      ]
    },
    {
      "mode": "managed",
      "type": "random_id",
      "name": "db_name_suffix",
      "provider": "provider[\"registry.terraform.io/hashicorp/random\"]",
      "instances": [
        {
          "schema_version": 0,
          "attributes": {
            "b64_std": "h9PKjw==",
            "b64_url": "h9PKjw",
            "byte_length": 4,
            "dec": "2278804111",
            "hex": "87d3ca8f",
            "id": "h9PKjw",
            "keepers": null,
            "prefix": null
          },
          "sensitive_attributes": [],
          "identity_schema_version": 0
        }
      ]
    }
  ],
  "check_results": null
}
